
Microsoft Visual Studio Solution File, Format Version 10.00
# Visual Studio 2008
Project("{8BC9CEB8-8B4A-11D0-8D11-00A0C91BC942}") = "LexTest", "LexTest.vcproj", "{43AB01BA-B456-45D9-A1DD-E517B0151FB4}"
EndProject
Global
	GlobalSection(SolutionConfigurationPlatforms) = preSolution
		Debug|Win32 = Debug|Win32
		Release|Win32 = Release|Win32
	EndGlobalSection
	GlobalSection(ProjectConfigurationPlatforms) = postSolution
		{43AB01BA-B456-45D9-A1DD-E517B0151FB4}.Debug|Win32.ActiveCfg = Debug|Win32
		{43AB01BA-B456-45D9-A1DD-E517B0151FB4}.Debug|Win32.Build.0 = Debug|Win32
		{43AB01BA-B456-45D9-A1DD-E517B0151FB4}.Release|Win32.ActiveCfg = Release|Win32
		{43AB01BA-B456-45D9-A1DD-E517B0151FB4}.Release|Win32.Build.0 = Release|Win32
	EndGlobalSection
	GlobalSection(SolutionProperties) = preSolution
		HideSolutionNode = FALSE
	EndGlobalSection
EndGlobal
